
Microsoft Visual Studio Solution File, Format Version 12.00
# Visual Studio Version 17
VisualStudioVersion = 17.9.34714.143
MinimumVisualStudioVersion = 10.0.40219.1
Project("{9A19103F-16F7-4668-BE54-9A1E7A4F7556}") = "Maze.UI", "Maze.UI\Maze.UI.csproj", "{ADC161E5-59BC-4225-AF0B-066B348027D0}"
EndProject
Project("{FAE04EC0-301F-11D3-BF4B-00C04F79EFBC}") = "Maze.Library", "Maze.Library\Maze.Library.csproj", "{AE474D36-6F87-4BB4-B365-6FFAF77FC623}"
EndProject
Global
	GlobalSection(SolutionConfigurationPlatforms) = preSolution
		Debug|Any CPU = Debug|Any CPU
		Release|Any CPU = Release|Any CPU
	EndGlobalSection
	GlobalSection(ProjectConfigurationPlatforms) = postSolution
		{ADC161E5-59BC-4225-AF0B-066B348027D0}.Debug|Any CPU.ActiveCfg = Debug|Any CPU
		{ADC161E5-59BC-4225-AF0B-066B348027D0}.Debug|Any CPU.Build.0 = Debug|Any CPU
		{ADC161E5-59BC-4225-AF0B-066B348027D0}.Release|Any CPU.ActiveCfg = Release|Any CPU
		{ADC161E5-59BC-4225-AF0B-066B348027D0}.Release|Any CPU.Build.0 = Release|Any CPU
		{AE474D36-6F87-4BB4-B365-6FFAF77FC623}.Debug|Any CPU.ActiveCfg = Debug|Any CPU
		{AE474D36-6F87-4BB4-B365-6FFAF77FC623}.Debug|Any CPU.Build.0 = Debug|Any CPU
		{AE474D36-6F87-4BB4-B365-6FFAF77FC623}.Release|Any CPU.ActiveCfg = Release|Any CPU
		{AE474D36-6F87-4BB4-B365-6FFAF77FC623}.Release|Any CPU.Build.0 = Release|Any CPU
	EndGlobalSection
	GlobalSection(SolutionProperties) = preSolution
		HideSolutionNode = FALSE
	EndGlobalSection
	GlobalSection(ExtensibilityGlobals) = postSolution
		SolutionGuid = {81536643-AE4B-469A-9807-455C02B4486C}
	EndGlobalSection
EndGlobal
